# This file was autogenerated by Stack.
# You should not edit this file by hand.
# For more information, please see the documentation at:
#   https://docs.haskellstack.org/en/stable/lock_files

packages:
- completed:
    hackage: GLFW-0.5.2.5@sha256:fa54e997076a6b415c43100830e9b6ab6827c8766aef80e66d598de9b2400b93,3312
    pantry-tree:
      size: 3188
      sha256: 807b326716828a975ee2783c3911687f47ca4c4ff3b458c2578fa71dd884be8e
  original:
    hackage: GLFW-0.5.2.5@sha256:fa54e997076a6b415c43100830e9b6ab6827c8766aef80e66d598de9b2400b93,3312
- completed:
    hackage: gloss-juicy-0.2.3@sha256:0c3bca95237cbf91f8b3b1936a0661f1e0457acd80502276d54d6c5210f88b25,1618
    pantry-tree:
      size: 273
      sha256: 914c08509bc3da4707d90e542b44833ca1a62abc83c2848f87df3d7a7a1d7e03
  original:
    hackage: gloss-juicy-0.2.3@sha256:0c3bca95237cbf91f8b3b1936a0661f1e0457acd80502276d54d6c5210f88b25,1618
- completed:
    hackage: bitmap-0.0.2@sha256:4b0cd4e7d24ae2cdc23e76aefd45fcffa77c8bec922ecb600832e951cb507992,1622
    pantry-tree:
      size: 876
      sha256: b1d4eb48f3817438454a74f32bf5c684a554b35d6f68b6dcffe63c02ac12f238
  original:
    hackage: bitmap-0.0.2@sha256:4b0cd4e7d24ae2cdc23e76aefd45fcffa77c8bec922ecb600832e951cb507992,1622
- completed:
    hackage: oset-0.4.0.1@sha256:d29c82accd4f8fe6bff562c6e728d6022ab1fb9e2491b2a6154f7b3783f99ca6,1803
    pantry-tree:
      size: 673
      sha256: 438edc8b1a7fe37e2508d656a89ec199948ce719f26b61d9c830239f7657aa81
  original:
    hackage: oset-0.4.0.1@sha256:d29c82accd4f8fe6bff562c6e728d6022ab1fb9e2491b2a6154f7b3783f99ca6,1803
- completed:
    hackage: GLFW-b-1.4.8.4@sha256:2d10594c5cfa9d5178596eb6a18106a1318409e47a4108bfe91b89d80684638e,2277
    pantry-tree:
      size: 482
      sha256: 4ba2b0006928bec8de5892598ff03c83bab331df725ae4925cf709a3b4242dfe
  original:
    hackage: GLFW-b-1.4.8.4@sha256:2d10594c5cfa9d5178596eb6a18106a1318409e47a4108bfe91b89d80684638e
snapshots:
- completed:
    size: 531701
    url: https://raw.githubusercontent.com/commercialhaskell/stackage-snapshots/master/lts/16/4.yaml
    sha256: d6119cdacc6d6b39c0bb8f6e11e8db6a21e92a38552e0d553414ba346592b53f
  original: lts-16.4
